<?xml version="1.0" encoding="UTF-8" standalone="yes" ?>
<CodeBlocks_project_file>
	<FileVersion major="1" minor="6" />
	<Project>
		<Option title="ThuatToan" />
		<Option pch_mode="2" />
		<Option compiler="gcc" />
		<Build>
			<Target title="Debug">
				<Option output="bin/Debug/ThuatToan" prefix_auto="1" extension_auto="1" />
				<Option object_output="obj/Debug/" />
				<Option type="1" />
				<Option compiler="gcc" />
				<Compiler>
					<Add option="-g" />
				</Compiler>
			</Target>
			<Target title="Release">
				<Option output="bin/Release/ThuatToan" prefix_auto="1" extension_auto="1" />
				<Option object_output="obj/Release/" />
				<Option type="1" />
				<Option compiler="gcc" />
				<Compiler>
					<Add option="-O2" />
				</Compiler>
				<Linker>
					<Add option="-s" />
				</Linker>
			</Target>
		</Build>
		<Compiler>
			<Add option="-Wall" />
		</Compiler>
		<Unit filename="../../TTUD/TTUD/ADDBIG.cpp">
			<Option compile="0" />
			<Option link="0" />
		</Unit>
		<Unit filename="../../TTUD/TTUD/ADDMOD.cpp">
			<Option compile="0" />
			<Option link="0" />
		</Unit>
		<Unit filename="../../TTUD/TTUD/AGGRCOW.cpp">
			<Option compile="0" />
			<Option link="0" />
		</Unit>
		<Unit filename="../../TTUD/TTUD/AGGRCOW2.cpp">
			<Option compile="0" />
			<Option link="0" />
		</Unit>
		<Unit filename="../../TTUD/TTUD/ARRAY.cpp">
			<Option compile="0" />
			<Option link="0" />
		</Unit>
		<Unit filename="../../TTUD/TTUD/AddBigInt.cpp">
			<Option compile="0" />
			<Option link="0" />
		</Unit>
		<Unit filename="../../TTUD/TTUD/ArrayManipulation.cpp">
			<Option compile="0" />
			<Option link="0" />
		</Unit>
		<Unit filename="../../TTUD/TTUD/BACP.cpp">
			<Option compile="0" />
			<Option link="0" />
		</Unit>
		<Unit filename="../../TTUD/TTUD/BCA.cpp">
			<Option compile="0" />
			<Option link="0" />
		</Unit>
		<Unit filename="../../TTUD/TTUD/BINARYGEN.cpp">
			<Option compile="0" />
			<Option link="0" />
		</Unit>
		<Unit filename="../../TTUD/TTUD/BINARYLIST.cpp">
			<Option compile="0" />
			<Option link="0" />
		</Unit>
		<Unit filename="../../TTUD/TTUD/BOOKS1.cpp">
			<Option compile="0" />
			<Option link="0" />
		</Unit>
		<Unit filename="../../TTUD/TTUD/BOUNDSUBSEQ.cpp">
			<Option compile="0" />
			<Option link="0" />
		</Unit>
		<Unit filename="../../TTUD/TTUD/BRCOUNT.cpp">
			<Option compile="0" />
			<Option link="0" />
		</Unit>
		<Unit filename="../../TTUD/TTUD/BalanceTree.cpp">
			<Option compile="0" />
			<Option link="0" />
		</Unit>
		<Unit filename="../../TTUD/TTUD/CAITUI.cpp">
			<Option compile="0" />
			<Option link="0" />
		</Unit>
		<Unit filename="../../TTUD/TTUD/CBUS.cpp">
			<Option compile="0" />
			<Option link="0" />
		</Unit>
		<Unit filename="../../TTUD/TTUD/CBUS2.cpp">
			<Option compile="0" />
			<Option link="0" />
		</Unit>
		<Unit filename="../../TTUD/TTUD/CMT.cpp">
			<Option compile="0" />
			<Option link="0" />
		</Unit>
		<Unit filename="../../TTUD/TTUD/COMBINATIONGEN.cpp">
			<Option compile="0" />
			<Option link="0" />
		</Unit>
		<Unit filename="../../TTUD/TTUD/CVRP.cpp">
			<Option compile="0" />
			<Option link="0" />
		</Unit>
		<Unit filename="../../TTUD/TTUD/CVRPCOUNT.cpp">
			<Option compile="0" />
			<Option link="0" />
		</Unit>
		<Unit filename="../../TTUD/TTUD/CVRPCOUNT2.cpp">
			<Option compile="0" />
			<Option link="0" />
		</Unit>
		<Unit filename="../../TTUD/TTUD/CVRPOPT.cpp">
			<Option compile="0" />
			<Option link="0" />
		</Unit>
		<Unit filename="../../TTUD/TTUD/CheckDoiXung.cpp">
			<Option compile="0" />
			<Option link="0" />
		</Unit>
		<Unit filename="../../TTUD/TTUD/CountCurrency.cpp">
			<Option compile="0" />
			<Option link="0" />
		</Unit>
		<Unit filename="../../TTUD/TTUD/DAYCONTONGLONNHAT.cpp">
			<Option compile="0" />
			<Option link="0" />
		</Unit>
		<Unit filename="../../TTUD/TTUD/DIGITS.cpp">
			<Option compile="0" />
			<Option link="0" />
		</Unit>
		<Unit filename="../../TTUD/TTUD/DOI.cpp">
			<Option compile="0" />
			<Option link="0" />
		</Unit>
		<Unit filename="../../TTUD/TTUD/DOITIEN.cpp">
			<Option compile="0" />
			<Option link="0" />
		</Unit>
		<Unit filename="../../TTUD/TTUD/DayNhiPhan.cpp">
			<Option compile="0" />
			<Option link="0" />
		</Unit>
		<Unit filename="../../TTUD/TTUD/EKO.cpp">
			<Option compile="0" />
			<Option link="0" />
		</Unit>
		<Unit filename="../../TTUD/TTUD/EXPMOD.cpp">
			<Option compile="0" />
			<Option link="0" />
		</Unit>
		<Unit filename="../../TTUD/TTUD/FIBONACII.cpp">
			<Option compile="0" />
			<Option link="0" />
		</Unit>
		<Unit filename="../../TTUD/TTUD/FIBWORDS.cpp">
			<Option compile="0" />
			<Option link="0" />
		</Unit>
		<Unit filename="../../TTUD/TTUD/GOLDMINING.cpp">
			<Option compile="0" />
			<Option link="0" />
		</Unit>
		<Unit filename="../../TTUD/TTUD/GOLDMINING2.cpp">
			<Option compile="0" />
			<Option link="0" />
		</Unit>
		<Unit filename="../../TTUD/TTUD/HIST.cpp">
			<Option compile="0" />
			<Option link="0" />
		</Unit>
		<Unit filename="../../TTUD/TTUD/HISTFinal.cpp">
			<Option compile="0" />
			<Option link="0" />
		</Unit>
		<Unit filename="../../TTUD/TTUD/HOLEYNQUEENS.cpp">
			<Option compile="0" />
			<Option link="0" />
		</Unit>
		<Unit filename="../../TTUD/TTUD/HoanVi.cpp">
			<Option compile="0" />
			<Option link="0" />
		</Unit>
		<Unit filename="../../TTUD/TTUD/HoangKhanhVuong.cpp">
			<Option compile="0" />
			<Option link="0" />
		</Unit>
		<Unit filename="../../TTUD/TTUD/INCREASESUBQUE.cpp" />
		<Unit filename="../../TTUD/TTUD/KNAPSBACK.cpp">
			<Option compile="0" />
			<Option link="0" />
		</Unit>
		<Unit filename="../../TTUD/TTUD/KPATH.cpp">
			<Option compile="0" />
			<Option link="0" />
		</Unit>
		<Unit filename="../../TTUD/TTUD/LOCATE.cpp">
			<Option compile="0" />
			<Option link="0" />
		</Unit>
		<Unit filename="../../TTUD/TTUD/LoaiTrung.cpp">
			<Option compile="0" />
			<Option link="0" />
		</Unit>
		<Unit filename="../../TTUD/TTUD/MACHINE.cpp">
			<Option compile="0" />
			<Option link="0" />
		</Unit>
		<Unit filename="../../TTUD/TTUD/MAXSUBSEQUENCE.cpp">
			<Option compile="0" />
			<Option link="0" />
		</Unit>
		<Unit filename="../../TTUD/TTUD/MAZE.cpp">
			<Option compile="0" />
			<Option link="0" />
		</Unit>
		<Unit filename="../../TTUD/TTUD/Map.cpp">
			<Option compile="0" />
			<Option link="0" />
		</Unit>
		<Unit filename="../../TTUD/TTUD/NGUOIDULICH.cpp">
			<Option compile="0" />
			<Option link="0" />
		</Unit>
		<Unit filename="../../TTUD/TTUD/NURSE.cpp">
			<Option compile="0" />
			<Option link="0" />
		</Unit>
		<Unit filename="../../TTUD/TTUD/NV.cpp">
			<Option compile="0" />
			<Option link="0" />
		</Unit>
		<Unit filename="../../TTUD/TTUD/NV.h" />
		<Unit filename="../../TTUD/TTUD/PARENTHESES.cpp">
			<Option compile="0" />
			<Option link="0" />
		</Unit>
		<Unit filename="../../TTUD/TTUD/PERMUTATIONGEN.cpp">
			<Option compile="0" />
			<Option link="0" />
		</Unit>
		<Unit filename="../../TTUD/TTUD/PERMUTATIONLIST.cpp">
			<Option compile="0" />
			<Option link="0" />
		</Unit>
		<Unit filename="../../TTUD/TTUD/PHAMQUANGDUNG.cpp">
			<Option compile="0" />
			<Option link="0" />
		</Unit>
		<Unit filename="../../TTUD/TTUD/PIE.cpp">
			<Option compile="0" />
			<Option link="0" />
		</Unit>
		<Unit filename="../../TTUD/TTUD/POSTMAN.cpp">
			<Option compile="0" />
			<Option link="0" />
		</Unit>
		<Unit filename="../../TTUD/TTUD/QUEUE.cpp">
			<Option compile="0" />
			<Option link="0" />
		</Unit>
		<Unit filename="../../TTUD/TTUD/QUEUE2STACK.cpp">
			<Option compile="0" />
			<Option link="0" />
		</Unit>
		<Unit filename="../../TTUD/TTUD/REROAD.cpp">
			<Option compile="0" />
			<Option link="0" />
		</Unit>
		<Unit filename="../../TTUD/TTUD/REROAD2.cpp">
			<Option compile="0" />
			<Option link="0" />
		</Unit>
		<Unit filename="../../TTUD/TTUD/RETAILOUTLETS 2.cpp">
			<Option compile="0" />
			<Option link="0" />
		</Unit>
		<Unit filename="../../TTUD/TTUD/RETAILOUTLETS.cpp">
			<Option compile="0" />
			<Option link="0" />
		</Unit>
		<Unit filename="../../TTUD/TTUD/RemoveEIn2Array.cpp">
			<Option compile="0" />
			<Option link="0" />
		</Unit>
		<Unit filename="../../TTUD/TTUD/SCALA.cpp">
			<Option compile="0" />
			<Option link="0" />
		</Unit>
		<Unit filename="../../TTUD/TTUD/SCALA2.cpp">
			<Option compile="0" />
			<Option link="0" />
		</Unit>
		<Unit filename="../../TTUD/TTUD/SIGNAL.cpp">
			<Option compile="0" />
			<Option link="0" />
		</Unit>
		<Unit filename="../../TTUD/TTUD/SORTINT.cpp">
			<Option compile="0" />
			<Option link="0" />
		</Unit>
		<Unit filename="../../TTUD/TTUD/SUMSEQ.cpp">
			<Option compile="0" />
			<Option link="0" />
		</Unit>
		<Unit filename="../../TTUD/TTUD/Source.cpp">
			<Option compile="0" />
			<Option link="0" />
		</Unit>
		<Unit filename="../../TTUD/TTUD/SumMax.cpp">
			<Option compile="0" />
			<Option link="0" />
		</Unit>
		<Unit filename="../../TTUD/TTUD/TAXI.cpp">
			<Option compile="0" />
			<Option link="0" />
		</Unit>
		<Unit filename="../../TTUD/TTUD/TAXI2.cpp">
			<Option compile="0" />
			<Option link="0" />
		</Unit>
		<Unit filename="../../TTUD/TTUD/TEMPLATES.cpp">
			<Option compile="0" />
			<Option link="0" />
		</Unit>
		<Unit filename="../../TTUD/TTUD/TOHOP.cpp">
			<Option compile="0" />
			<Option link="0" />
		</Unit>
		<Unit filename="../../TTUD/TTUD/TOWER.cpp">
			<Option compile="0" />
			<Option link="0" />
		</Unit>
		<Unit filename="../../TTUD/TTUD/TRIPLE.cpp">
			<Option compile="0" />
			<Option link="0" />
		</Unit>
		<Unit filename="../../TTUD/TTUD/TestArray.cpp">
			<Option compile="0" />
			<Option link="0" />
		</Unit>
		<Unit filename="../../TTUD/TTUD/TestVector.cpp">
			<Option compile="0" />
			<Option link="0" />
		</Unit>
		<Unit filename="../../TTUD/TTUD/VD1.cpp">
			<Option compile="0" />
			<Option link="0" />
		</Unit>
		<Unit filename="../../TTUD/TTUD/VD2.cpp">
			<Option compile="0" />
			<Option link="0" />
		</Unit>
		<Unit filename="../../TTUD/TTUD/WAREHOUSE.cpp">
			<Option compile="0" />
			<Option link="0" />
		</Unit>
		<Unit filename="../../TTUD/TTUD/WaterJug.cpp">
			<Option compile="0" />
			<Option link="0" />
		</Unit>
		<Unit filename="../../TTUD/TTUD/WaterJugs.cpp">
			<Option compile="0" />
			<Option link="0" />
		</Unit>
		<Unit filename="../../TTUD/TTUD/Wuhan.cpp">
			<Option compile="0" />
			<Option link="0" />
		</Unit>
		<Unit filename="../../TTUD/TTUD/XEPHAU.cpp">
			<Option compile="0" />
			<Option link="0" />
		</Unit>
		<Unit filename="../../TTUD/TTUD/a.cpp">
			<Option compile="0" />
			<Option link="0" />
		</Unit>
		<Unit filename="../../TTUD/TTUD/abc.cpp">
			<Option compile="0" />
			<Option link="0" />
		</Unit>
		<Unit filename="../../TTUD/TTUD/hello.cpp">
			<Option compile="0" />
			<Option link="0" />
		</Unit>
		<Unit filename="../../TTUD/TTUD/helloworld.cpp">
			<Option compile="0" />
			<Option link="0" />
		</Unit>
		<Unit filename="LONGEST COMMON SUBSEQUENCE.cpp">
			<Option compile="0" />
			<Option link="0" />
		</Unit>
		<Extensions>
			<lib_finder disable_auto="1" />
		</Extensions>
	</Project>
</CodeBlocks_project_file>
