
Microsoft Visual Studio Solution File, Format Version 12.00
# Visual Studio Version 16
VisualStudioVersion = 16.0.29806.167
MinimumVisualStudioVersion = 10.0.40219.1
Project("{8BC9CEB8-8B4A-11D0-8D11-00A0C91BC942}") = "TTUD", "TTUD\TTUD.vcxproj", "{B06B9121-E828-460C-9FA7-93D9CF37763D}"
EndProject
Global
	GlobalSection(SolutionConfigurationPlatforms) = preSolution
		Debug|x64 = Debug|x64
		Debug|x86 = Debug|x86
		Release|x64 = Release|x64
		Release|x86 = Release|x86
	EndGlobalSection
	GlobalSection(ProjectConfigurationPlatforms) = postSolution
		{B06B9121-E828-460C-9FA7-93D9CF37763D}.Debug|x64.ActiveCfg = Debug|x64
		{B06B9121-E828-460C-9FA7-93D9CF37763D}.Debug|x64.Build.0 = Debug|x64
		{B06B9121-E828-460C-9FA7-93D9CF37763D}.Debug|x86.ActiveCfg = Debug|Win32
		{B06B9121-E828-460C-9FA7-93D9CF37763D}.Debug|x86.Build.0 = Debug|Win32
		{B06B9121-E828-460C-9FA7-93D9CF37763D}.Release|x64.ActiveCfg = Release|x64
		{B06B9121-E828-460C-9FA7-93D9CF37763D}.Release|x64.Build.0 = Release|x64
		{B06B9121-E828-460C-9FA7-93D9CF37763D}.Release|x86.ActiveCfg = Release|Win32
		{B06B9121-E828-460C-9FA7-93D9CF37763D}.Release|x86.Build.0 = Release|Win32
	EndGlobalSection
	GlobalSection(SolutionProperties) = preSolution
		HideSolutionNode = FALSE
	EndGlobalSection
	GlobalSection(ExtensibilityGlobals) = postSolution
		SolutionGuid = {258D1007-7B2E-4380-9198-5F5F0C84247B}
	EndGlobalSection
EndGlobal
