<?xml version="1.0" encoding="UTF-8" standalone="yes" ?>
<CodeBlocks_project_file>
	<FileVersion major="1" minor="6" />
	<Project>
		<Option title="TTUD" />
		<Option pch_mode="2" />
		<Option compiler="gcc" />
		<Build>
			<Target title="Debug Win32">
				<Option output="../Debug/TTUD" prefix_auto="1" extension_auto="1" />
				<Option object_output="Debug/" />
				<Option deps_output="../Debug/" />
				<Option type="0" />
				<Option compiler="gcc" />
				<Compiler>
					<Add option="-g" />
					<Add option="-D_DEBUG" />
					<Add option="-D_CONSOLE" />
					<Add option="-D_CRT_SECURE_NO_WARNINGS" />
					<Add option="-Wall" />
				</Compiler>
				<Linker>
					<Add library="winmm.lib" />
					<Add library="comctl32.lib" />
					<Add library="kernel32.lib" />
					<Add library="user32.lib" />
					<Add library="gdi32.lib" />
					<Add library="winspool.lib" />
					<Add library="comdlg32.lib" />
					<Add library="advapi32.lib" />
					<Add library="shell32.lib" />
					<Add library="ole32.lib" />
					<Add library="oleaut32.lib" />
					<Add library="uuid.lib" />
					<Add library="odbc32.lib" />
					<Add library="odbccp32.lib" />
				</Linker>
			</Target>
			<Target title="Debug x64">
				<Option output="../Debug/TTUD" prefix_auto="1" extension_auto="1" />
				<Option object_output="Debug/" />
				<Option deps_output="../Debug/" />
				<Option type="0" />
				<Option compiler="gcc" />
				<Compiler>
					<Add option="-g" />
					<Add option="-D_DEBUG" />
					<Add option="-D_CONSOLE" />
					<Add option="-Wall" />
				</Compiler>
				<Linker>
					<Add library="winmm.lib" />
					<Add library="comctl32.lib" />
					<Add library="kernel32.lib" />
					<Add library="user32.lib" />
					<Add library="gdi32.lib" />
					<Add library="winspool.lib" />
					<Add library="comdlg32.lib" />
					<Add library="advapi32.lib" />
					<Add library="shell32.lib" />
					<Add library="ole32.lib" />
					<Add library="oleaut32.lib" />
					<Add library="uuid.lib" />
					<Add library="odbc32.lib" />
					<Add library="odbccp32.lib" />
				</Linker>
			</Target>
			<Target title="Release x64">
				<Option output="../Release/TTUD" prefix_auto="1" extension_auto="1" />
				<Option object_output="Release/" />
				<Option deps_output="../Release/" />
				<Option type="0" />
				<Option compiler="gcc" />
				<Compiler>
					<Add option="-DNDEBUG" />
					<Add option="-D_CONSOLE" />
					<Add option="-Wall" />
				</Compiler>
				<Linker>
					<Add library="winmm.lib" />
					<Add library="comctl32.lib" />
					<Add library="kernel32.lib" />
					<Add library="user32.lib" />
					<Add library="gdi32.lib" />
					<Add library="winspool.lib" />
					<Add library="comdlg32.lib" />
					<Add library="advapi32.lib" />
					<Add library="shell32.lib" />
					<Add library="ole32.lib" />
					<Add library="oleaut32.lib" />
					<Add library="uuid.lib" />
					<Add library="odbc32.lib" />
					<Add library="odbccp32.lib" />
				</Linker>
			</Target>
			<Target title="Release Win32">
				<Option output="../Release/TTUD" prefix_auto="1" extension_auto="1" />
				<Option object_output="Release/" />
				<Option deps_output="../Release/" />
				<Option type="0" />
				<Option compiler="gcc" />
				<Compiler>
					<Add option="-DNDEBUG" />
					<Add option="-D_CONSOLE" />
					<Add option="-Wall" />
				</Compiler>
				<Linker>
					<Add library="winmm.lib" />
					<Add library="comctl32.lib" />
					<Add library="kernel32.lib" />
					<Add library="user32.lib" />
					<Add library="gdi32.lib" />
					<Add library="winspool.lib" />
					<Add library="comdlg32.lib" />
					<Add library="advapi32.lib" />
					<Add library="shell32.lib" />
					<Add library="ole32.lib" />
					<Add library="oleaut32.lib" />
					<Add library="uuid.lib" />
					<Add library="odbc32.lib" />
					<Add library="odbccp32.lib" />
				</Linker>
			</Target>
		</Build>
		<Unit filename="ADDBIG.cpp">
			<Option compile="0" />
			<Option link="0" />
		</Unit>
		<Unit filename="ADDMOD.cpp">
			<Option compile="0" />
			<Option link="0" />
		</Unit>
		<Unit filename="AGGRCOW.cpp">
			<Option compile="0" />
			<Option link="0" />
		</Unit>
		<Unit filename="AGGRCOW2.cpp">
			<Option compile="0" />
			<Option link="0" />
		</Unit>
		<Unit filename="ARRAY.cpp">
			<Option compile="0" />
			<Option link="0" />
		</Unit>
		<Unit filename="AddBigInt.cpp">
			<Option compile="0" />
			<Option link="0" />
		</Unit>
		<Unit filename="ArrayManipulation.cpp">
			<Option compile="0" />
			<Option link="0" />
		</Unit>
		<Unit filename="BACP.cpp">
			<Option compile="0" />
			<Option link="0" />
		</Unit>
		<Unit filename="BCA.cpp">
			<Option compile="0" />
			<Option link="0" />
		</Unit>
		<Unit filename="BINARYGEN.cpp">
			<Option compile="0" />
			<Option link="0" />
		</Unit>
		<Unit filename="BINARYLIST.cpp">
			<Option compile="0" />
			<Option link="0" />
		</Unit>
		<Unit filename="BOOKS1.cpp">
			<Option compile="0" />
			<Option link="0" />
		</Unit>
		<Unit filename="BOUNDSUBSEQ.cpp">
			<Option compile="0" />
			<Option link="0" />
		</Unit>
		<Unit filename="BRCOUNT.cpp">
			<Option compile="0" />
			<Option link="0" />
		</Unit>
		<Unit filename="BalanceTree.cpp">
			<Option compile="0" />
			<Option link="0" />
		</Unit>
		<Unit filename="CAITUI.cpp">
			<Option compile="0" />
			<Option link="0" />
		</Unit>
		<Unit filename="CBUS.cpp">
			<Option compile="0" />
			<Option link="0" />
		</Unit>
		<Unit filename="CBUS2.cpp">
			<Option compile="0" />
			<Option link="0" />
		</Unit>
		<Unit filename="CMT.cpp">
			<Option compile="0" />
			<Option link="0" />
		</Unit>
		<Unit filename="COMBINATIONGEN.cpp">
			<Option compile="0" />
			<Option link="0" />
		</Unit>
		<Unit filename="CVRP.cpp">
			<Option compile="0" />
			<Option link="0" />
		</Unit>
		<Unit filename="CVRPCOUNT.cpp">
			<Option compile="0" />
			<Option link="0" />
		</Unit>
		<Unit filename="CVRPCOUNT2.cpp">
			<Option compile="0" />
			<Option link="0" />
		</Unit>
		<Unit filename="CVRPOPT.cpp">
			<Option compile="0" />
			<Option link="0" />
		</Unit>
		<Unit filename="CheckDoiXung.cpp">
			<Option compile="0" />
			<Option link="0" />
		</Unit>
		<Unit filename="CountCurrency.cpp">
			<Option compile="0" />
			<Option link="0" />
		</Unit>
		<Unit filename="D:/Users/DELL/Downloads/HIST2.cpp" />
		<Unit filename="DAYCONTONGLONNHAT.cpp">
			<Option compile="0" />
			<Option link="0" />
		</Unit>
		<Unit filename="DIGITS.cpp">
			<Option compile="0" />
			<Option link="0" />
		</Unit>
		<Unit filename="DOI.cpp">
			<Option compile="0" />
			<Option link="0" />
		</Unit>
		<Unit filename="DOITIEN.cpp">
			<Option compile="0" />
			<Option link="0" />
		</Unit>
		<Unit filename="DayNhiPhan.cpp">
			<Option compile="0" />
			<Option link="0" />
		</Unit>
		<Unit filename="EKO.cpp">
			<Option compile="0" />
			<Option link="0" />
		</Unit>
		<Unit filename="EXPMOD.cpp">
			<Option compile="0" />
			<Option link="0" />
		</Unit>
		<Unit filename="FIBONACII.cpp">
			<Option compile="0" />
			<Option link="0" />
		</Unit>
		<Unit filename="FIBWORDS.cpp">
			<Option compile="0" />
			<Option link="0" />
		</Unit>
		<Unit filename="GOLDMINING.cpp">
			<Option compile="0" />
			<Option link="0" />
		</Unit>
		<Unit filename="GOLDMINING2.cpp">
			<Option compile="0" />
			<Option link="0" />
		</Unit>
		<Unit filename="HIST.cpp">
			<Option compile="0" />
			<Option link="0" />
		</Unit>
		<Unit filename="HISTFinal.cpp">
			<Option compile="0" />
			<Option link="0" />
		</Unit>
		<Unit filename="HOLEYNQUEENS.cpp">
			<Option compile="0" />
			<Option link="0" />
		</Unit>
		<Unit filename="HoanVi.cpp">
			<Option compile="0" />
			<Option link="0" />
		</Unit>
		<Unit filename="INCREASESUBQUE.cpp">
			<Option compile="0" />
			<Option link="0" />
		</Unit>
		<Unit filename="KNAPSBACK.cpp">
			<Option compile="0" />
			<Option link="0" />
		</Unit>
		<Unit filename="KPATH.cpp">
			<Option compile="0" />
			<Option link="0" />
		</Unit>
		<Unit filename="LOCATE.cpp">
			<Option compile="0" />
			<Option link="0" />
		</Unit>
		<Unit filename="LoaiTrung.cpp">
			<Option compile="0" />
			<Option link="0" />
		</Unit>
		<Unit filename="MACHINE.cpp">
			<Option compile="0" />
			<Option link="0" />
		</Unit>
		<Unit filename="MAXSUBSEQUENCE.cpp">
			<Option compile="0" />
			<Option link="0" />
		</Unit>
		<Unit filename="MAZE.cpp">
			<Option compile="0" />
			<Option link="0" />
		</Unit>
		<Unit filename="Map.cpp">
			<Option compile="0" />
			<Option link="0" />
		</Unit>
		<Unit filename="NGUOIDULICH.cpp">
			<Option compile="0" />
			<Option link="0" />
		</Unit>
		<Unit filename="NURSE.cpp">
			<Option compile="0" />
			<Option link="0" />
		</Unit>
		<Unit filename="NV.cpp">
			<Option compile="0" />
			<Option link="0" />
		</Unit>
		<Unit filename="PARENTHESES.cpp">
			<Option compile="0" />
			<Option link="0" />
		</Unit>
		<Unit filename="PERMUTATIONGEN.cpp">
			<Option compile="0" />
			<Option link="0" />
		</Unit>
		<Unit filename="PERMUTATIONLIST.cpp">
			<Option compile="0" />
			<Option link="0" />
		</Unit>
		<Unit filename="PHAMQUANGDUNG.cpp">
			<Option compile="0" />
			<Option link="0" />
		</Unit>
		<Unit filename="PIE.cpp">
			<Option compile="0" />
			<Option link="0" />
		</Unit>
		<Unit filename="POSTMAN.cpp">
			<Option compile="0" />
			<Option link="0" />
		</Unit>
		<Unit filename="QUEUE.cpp">
			<Option compile="0" />
			<Option link="0" />
		</Unit>
		<Unit filename="QUEUE2STACK.cpp">
			<Option compile="0" />
			<Option link="0" />
		</Unit>
		<Unit filename="REROAD.cpp">
			<Option compile="0" />
			<Option link="0" />
		</Unit>
		<Unit filename="REROAD2.cpp">
			<Option compile="0" />
			<Option link="0" />
		</Unit>
		<Unit filename="RETAILOUTLETS.cpp">
			<Option compile="0" />
			<Option link="0" />
		</Unit>
		<Unit filename="RemoveEIn2Array.cpp">
			<Option compile="0" />
			<Option link="0" />
		</Unit>
		<Unit filename="SCALA.cpp">
			<Option compile="0" />
			<Option link="0" />
		</Unit>
		<Unit filename="SCALA2.cpp">
			<Option compile="0" />
			<Option link="0" />
		</Unit>
		<Unit filename="SIGNAL.cpp">
			<Option compile="0" />
			<Option link="0" />
		</Unit>
		<Unit filename="SORTINT.cpp">
			<Option compile="0" />
			<Option link="0" />
		</Unit>
		<Unit filename="SUMSEQ.cpp">
			<Option compile="0" />
			<Option link="0" />
		</Unit>
		<Unit filename="SumMax.cpp">
			<Option compile="0" />
			<Option link="0" />
		</Unit>
		<Unit filename="TAXI.cpp">
			<Option compile="0" />
			<Option link="0" />
		</Unit>
		<Unit filename="TAXI2.cpp">
			<Option compile="0" />
			<Option link="0" />
		</Unit>
		<Unit filename="TEMPLATES.cpp">
			<Option compile="0" />
			<Option link="0" />
		</Unit>
		<Unit filename="TOHOP.cpp">
			<Option compile="0" />
			<Option link="0" />
		</Unit>
		<Unit filename="TOWER.cpp">
			<Option compile="0" />
			<Option link="0" />
		</Unit>
		<Unit filename="TRIPLE.cpp">
			<Option compile="0" />
			<Option link="0" />
		</Unit>
		<Unit filename="TestArray.cpp">
			<Option compile="0" />
			<Option link="0" />
		</Unit>
		<Unit filename="TestVector.cpp">
			<Option compile="0" />
			<Option link="0" />
		</Unit>
		<Unit filename="VD1.cpp">
			<Option compile="0" />
			<Option link="0" />
		</Unit>
		<Unit filename="VD2.cpp">
			<Option compile="0" />
			<Option link="0" />
		</Unit>
		<Unit filename="WAREHOUSE.cpp">
			<Option compile="0" />
			<Option link="0" />
		</Unit>
		<Unit filename="WaterJug.cpp">
			<Option compile="0" />
			<Option link="0" />
		</Unit>
		<Unit filename="WaterJugs.cpp">
			<Option compile="0" />
			<Option link="0" />
		</Unit>
		<Unit filename="Wuhan.cpp">
			<Option compile="0" />
			<Option link="0" />
		</Unit>
		<Unit filename="XEPHAU.cpp">
			<Option compile="0" />
			<Option link="0" />
		</Unit>
		<Unit filename="abc.cpp">
			<Option compile="0" />
			<Option link="0" />
		</Unit>
		<Unit filename="hello.cpp">
			<Option compile="0" />
			<Option link="0" />
		</Unit>
		<Unit filename="resource.h" />
		<Extensions />
	</Project>
</CodeBlocks_project_file>
