<?xml version="1.0" encoding="utf-8"?>
<Project ToolsVersion="4.0" xmlns="http://schemas.microsoft.com/developer/msbuild/2003">
  <ItemGroup>
    <Filter Include="Source Files">
      <UniqueIdentifier>{4FC737F1-C7A5-4376-A066-2A32D752A2FF}</UniqueIdentifier>
      <Extensions>cpp;c;cc;cxx;def;odl;idl;hpj;bat;asm;asmx</Extensions>
    </Filter>
    <Filter Include="Header Files">
      <UniqueIdentifier>{93995380-89BD-4b04-88EB-625FBE52EBFB}</UniqueIdentifier>
      <Extensions>h;hh;hpp;hxx;hm;inl;inc;ipp;xsd</Extensions>
    </Filter>
    <Filter Include="Source Files\QuyHoachDong">
      <UniqueIdentifier>{c405635b-ea54-4aa8-8b49-cf4fd30d15b6}</UniqueIdentifier>
    </Filter>
    <Filter Include="Source Files\ChiaDeTri">
      <UniqueIdentifier>{e381b7bb-3b08-45a7-b13a-7e5928079a5b}</UniqueIdentifier>
    </Filter>
  </ItemGroup>
  <ItemGroup>
    <ClInclude Include="resource.h">
      <Filter>Header Files</Filter>
    </ClInclude>
  </ItemGroup>
  <ItemGroup>
    <ClCompile Include="AddBigInt.cpp">
      <Filter>Source Files</Filter>
    </ClCompile>
    <ClCompile Include="SumMax.cpp">
      <Filter>Source Files</Filter>
    </ClCompile>
    <ClCompile Include="TestVector.cpp">
      <Filter>Source Files</Filter>
    </ClCompile>
    <ClCompile Include="TestArray.cpp">
      <Filter>Source Files</Filter>
    </ClCompile>
    <ClCompile Include="Map.cpp">
      <Filter>Source Files</Filter>
    </ClCompile>
    <ClCompile Include="WaterJug.cpp">
      <Filter>Source Files</Filter>
    </ClCompile>
    <ClCompile Include="WaterJugs.cpp">
      <Filter>Source Files</Filter>
    </ClCompile>
    <ClCompile Include="BalanceTree.cpp">
      <Filter>Source Files</Filter>
    </ClCompile>
    <ClCompile Include="Wuhan.cpp">
      <Filter>Source Files</Filter>
    </ClCompile>
    <ClCompile Include="CountCurrency.cpp">
      <Filter>Source Files</Filter>
    </ClCompile>
    <ClCompile Include="RemoveEIn2Array.cpp">
      <Filter>Source Files</Filter>
    </ClCompile>
    <ClCompile Include="PostMan.cpp">
      <Filter>Source Files</Filter>
    </ClCompile>
    <ClCompile Include="DayNhiPhan.cpp">
      <Filter>Source Files</Filter>
    </ClCompile>
    <ClCompile Include="HoanVi.cpp">
      <Filter>Source Files</Filter>
    </ClCompile>
    <ClCompile Include="REROAD.cpp">
      <Filter>Source Files</Filter>
    </ClCompile>
    <ClCompile Include="SIGNAL.cpp">
      <Filter>Source Files</Filter>
    </ClCompile>
    <ClCompile Include="LOCATE.cpp">
      <Filter>Source Files</Filter>
    </ClCompile>
    <ClCompile Include="HIST.cpp">
      <Filter>Source Files</Filter>
    </ClCompile>
    <ClCompile Include="D:\Users\DELL\Downloads\HIST2.cpp">
      <Filter>Source Files</Filter>
    </ClCompile>
    <ClCompile Include="HISTFinal.cpp">
      <Filter>Source Files</Filter>
    </ClCompile>
    <ClCompile Include="ArrayManipulation.cpp">
      <Filter>Source Files</Filter>
    </ClCompile>
    <ClCompile Include="CheckDoiXung.cpp">
      <Filter>Source Files</Filter>
    </ClCompile>
    <ClCompile Include="ADDMOD.cpp">
      <Filter>Source Files</Filter>
    </ClCompile>
    <ClCompile Include="SUMSEQ.cpp">
      <Filter>Source Files</Filter>
    </ClCompile>
    <ClCompile Include="SORTINT.cpp">
      <Filter>Source Files</Filter>
    </ClCompile>
    <ClCompile Include="PARENTHESES.cpp">
      <Filter>Source Files</Filter>
    </ClCompile>
    <ClCompile Include="EXPMOD.cpp">
      <Filter>Source Files</Filter>
    </ClCompile>
    <ClCompile Include="ADDBIG.cpp">
      <Filter>Source Files</Filter>
    </ClCompile>
    <ClCompile Include="LoaiTrung.cpp">
      <Filter>Source Files</Filter>
    </ClCompile>
    <ClCompile Include="FIBONACII.cpp">
      <Filter>Source Files</Filter>
    </ClCompile>
    <ClCompile Include="CMT.cpp">
      <Filter>Source Files</Filter>
    </ClCompile>
    <ClCompile Include="NV.cpp">
      <Filter>Source Files</Filter>
    </ClCompile>
    <ClCompile Include="REROAD2.cpp">
      <Filter>Source Files</Filter>
    </ClCompile>
    <ClCompile Include="TOHOP.cpp">
      <Filter>Source Files</Filter>
    </ClCompile>
    <ClCompile Include="XEPHAU.cpp">
      <Filter>Source Files</Filter>
    </ClCompile>
    <ClCompile Include="NGUOIDULICH.cpp">
      <Filter>Source Files</Filter>
    </ClCompile>
    <ClCompile Include="CAITUI.cpp">
      <Filter>Source Files</Filter>
    </ClCompile>
    <ClCompile Include="CVRPCOUNT.cpp">
      <Filter>Source Files</Filter>
    </ClCompile>
    <ClCompile Include="CVRPCOUNT2.cpp">
      <Filter>Source Files</Filter>
    </ClCompile>
    <ClCompile Include="BCA.cpp">
      <Filter>Source Files</Filter>
    </ClCompile>
    <ClCompile Include="BACP.cpp">
      <Filter>Source Files</Filter>
    </ClCompile>
    <ClCompile Include="CBUS.cpp">
      <Filter>Source Files</Filter>
    </ClCompile>
    <ClCompile Include="KNAPSBACK.cpp">
      <Filter>Source Files</Filter>
    </ClCompile>
    <ClCompile Include="CBUS2.cpp">
      <Filter>Source Files</Filter>
    </ClCompile>
    <ClCompile Include="CVRP.cpp">
      <Filter>Source Files</Filter>
    </ClCompile>
    <ClCompile Include="PHAMQUANGDUNG.cpp">
      <Filter>Source Files</Filter>
    </ClCompile>
    <ClCompile Include="TAXI.cpp">
      <Filter>Source Files</Filter>
    </ClCompile>
    <ClCompile Include="TAXI2.cpp">
      <Filter>Source Files</Filter>
    </ClCompile>
    <ClCompile Include="DAYCONTONGLONNHAT.cpp">
      <Filter>Source Files</Filter>
    </ClCompile>
    <ClCompile Include="TRIPLE.cpp">
      <Filter>Source Files</Filter>
    </ClCompile>
    <ClCompile Include="CVRPOPT.cpp">
      <Filter>Source Files</Filter>
    </ClCompile>
    <ClCompile Include="DIGITS.cpp">
      <Filter>Source Files</Filter>
    </ClCompile>
    <ClCompile Include="PERMUTATIONGEN.cpp">
      <Filter>Source Files</Filter>
    </ClCompile>
    <ClCompile Include="BOOKS1.cpp">
      <Filter>Source Files</Filter>
    </ClCompile>
    <ClCompile Include="BINARYGEN.cpp">
      <Filter>Source Files</Filter>
    </ClCompile>
    <ClCompile Include="FIBWORDS.cpp">
      <Filter>Source Files</Filter>
    </ClCompile>
    <ClCompile Include="PERMUTATIONLIST.cpp">
      <Filter>Source Files</Filter>
    </ClCompile>
    <ClCompile Include="BINARYLIST.cpp">
      <Filter>Source Files</Filter>
    </ClCompile>
    <ClCompile Include="HOLEYNQUEENS.cpp">
      <Filter>Source Files</Filter>
    </ClCompile>
    <ClCompile Include="NURSE.cpp">
      <Filter>Source Files</Filter>
    </ClCompile>
    <ClCompile Include="KPATH.cpp">
      <Filter>Source Files</Filter>
    </ClCompile>
    <ClCompile Include="COMBINATIONGEN.cpp">
      <Filter>Source Files</Filter>
    </ClCompile>
    <ClCompile Include="QUEUE.cpp">
      <Filter>Source Files</Filter>
    </ClCompile>
    <ClCompile Include="TEMPLATES.cpp">
      <Filter>Source Files</Filter>
    </ClCompile>
    <ClCompile Include="QUEUE2STACK.cpp">
      <Filter>Source Files</Filter>
    </ClCompile>
    <ClCompile Include="ARRAY.cpp">
      <Filter>Source Files</Filter>
    </ClCompile>
    <ClCompile Include="MAZE.cpp">
      <Filter>Source Files</Filter>
    </ClCompile>
    <ClCompile Include="SCALA.cpp">
      <Filter>Source Files</Filter>
    </ClCompile>
    <ClCompile Include="SCALA2.cpp">
      <Filter>Source Files</Filter>
    </ClCompile>
    <ClCompile Include="BOUNDSUBSEQ.cpp">
      <Filter>Source Files</Filter>
    </ClCompile>
    <ClCompile Include="BRCOUNT.cpp">
      <Filter>Source Files</Filter>
    </ClCompile>
    <ClCompile Include="DOI.cpp">
      <Filter>Source Files</Filter>
    </ClCompile>
    <ClCompile Include="abc.cpp">
      <Filter>Source Files</Filter>
    </ClCompile>
    <ClCompile Include="VD1.cpp">
      <Filter>Source Files\QuyHoachDong</Filter>
    </ClCompile>
    <ClCompile Include="VD2.cpp">
      <Filter>Source Files\QuyHoachDong</Filter>
    </ClCompile>
    <ClCompile Include="MAXSUBSEQUENCE.cpp">
      <Filter>Source Files\QuyHoachDong</Filter>
    </ClCompile>
    <ClCompile Include="INCREASESUBQUE.cpp">
      <Filter>Source Files\QuyHoachDong</Filter>
    </ClCompile>
    <ClCompile Include="GOLDMINING.cpp">
      <Filter>Source Files\QuyHoachDong</Filter>
    </ClCompile>
    <ClCompile Include="MACHINE.cpp">
      <Filter>Source Files\QuyHoachDong</Filter>
    </ClCompile>
    <ClCompile Include="WAREHOUSE.cpp">
      <Filter>Source Files\QuyHoachDong</Filter>
    </ClCompile>
    <ClCompile Include="PIE.cpp">
      <Filter>Source Files\ChiaDeTri</Filter>
    </ClCompile>
    <ClCompile Include="EKO.cpp">
      <Filter>Source Files\ChiaDeTri</Filter>
    </ClCompile>
    <ClCompile Include="hello.cpp">
      <Filter>Source Files\ChiaDeTri</Filter>
    </ClCompile>
    <ClCompile Include="GOLDMINING2.cpp">
      <Filter>Source Files\QuyHoachDong</Filter>
    </ClCompile>
    <ClCompile Include="TOWER.cpp">
      <Filter>Source Files\QuyHoachDong</Filter>
    </ClCompile>
    <ClCompile Include="RETAILOUTLETS.cpp">
      <Filter>Source Files\QuyHoachDong</Filter>
    </ClCompile>
    <ClCompile Include="AGGRCOW.cpp">
      <Filter>Source Files\ChiaDeTri</Filter>
    </ClCompile>
    <ClCompile Include="AGGRCOW2.cpp">
      <Filter>Source Files\ChiaDeTri</Filter>
    </ClCompile>
    <ClCompile Include="DOITIEN.cpp">
      <Filter>Source Files\QuyHoachDong</Filter>
    </ClCompile>
  </ItemGroup>
</Project>