<?xml version="1.0" encoding="UTF-8" standalone="yes" ?>
<CodeBlocks_project_file>
	<FileVersion major="1" minor="6" />
	<Project>
		<Option title="Training 6" />
		<Option pch_mode="2" />
		<Option compiler="gcc" />
		<Build>
			<Target title="Debug">
				<Option output="bin/Debug/Training 6" prefix_auto="1" extension_auto="1" />
				<Option object_output="obj/Debug/" />
				<Option type="1" />
				<Option compiler="gcc" />
				<Compiler>
					<Add option="-g" />
				</Compiler>
			</Target>
			<Target title="Release">
				<Option output="bin/Release/Training 6" prefix_auto="1" extension_auto="1" />
				<Option object_output="obj/Release/" />
				<Option type="1" />
				<Option compiler="gcc" />
				<Compiler>
					<Add option="-O2" />
				</Compiler>
				<Linker>
					<Add option="-s" />
				</Linker>
			</Target>
		</Build>
		<Compiler>
			<Add option="-Wall" />
		</Compiler>
		<Unit filename="../Exam/Exam/Temp.cpp">
			<Option compile="0" />
			<Option link="0" />
		</Unit>
		<Unit filename="ADDEDGE.cpp">
			<Option compile="0" />
			<Option link="0" />
		</Unit>
		<Unit filename="ARTICULATION_POINTS_N_BRIDGES.cpp">
			<Option compile="0" />
			<Option link="0" />
		</Unit>
		<Unit filename="BFS temp.cpp">
			<Option compile="0" />
			<Option link="0" />
		</Unit>
		<Unit filename="BIPARTIE GRAPH.cpp">
			<Option compile="0" />
			<Option link="0" />
		</Unit>
		<Unit filename="BUGLIFE.cpp">
			<Option compile="0" />
			<Option link="0" />
		</Unit>
		<Unit filename="CONNECTEDCOMPONENTS.cpp">
			<Option compile="0" />
			<Option link="0" />
		</Unit>
		<Unit filename="COUNT SPANNING TREES.cpp">
			<Option compile="0" />
			<Option link="0" />
		</Unit>
		<Unit filename="DFS STACK.cpp">
			<Option compile="0" />
			<Option link="0" />
		</Unit>
		<Unit filename="DIAMETER BOUNDED MST.cpp">
			<Option compile="0" />
			<Option link="0" />
		</Unit>
		<Unit filename="Dijkstra.cpp">
			<Option compile="0" />
			<Option link="0" />
		</Unit>
		<Unit filename="ELEVTRBL .cpp">
			<Option compile="0" />
			<Option link="0" />
		</Unit>
		<Unit filename="ICBUS.cpp">
			<Option compile="0" />
			<Option link="0" />
		</Unit>
		<Unit filename="K-Cycle.cpp" />
		<Unit filename="K-MST.cpp">
			<Option compile="0" />
			<Option link="0" />
		</Unit>
		<Unit filename="KRUSKAL.cpp">
			<Option compile="0" />
			<Option link="0" />
		</Unit>
		<Unit filename="LCOUNT.cpp">
			<Option compile="0" />
			<Option link="0" />
		</Unit>
		<Unit filename="LONGEST PATH ON A TREE.cpp">
			<Option compile="0" />
			<Option link="0" />
		</Unit>
		<Unit filename="LUU TRU CANH.cpp">
			<Option compile="0" />
			<Option link="0" />
		</Unit>
		<Unit filename="MAX_CLIQUE.cpp">
			<Option compile="0" />
			<Option link="0" />
		</Unit>
		<Unit filename="MINIMUM SPANNING TREE.cpp">
			<Option compile="0" />
			<Option link="0" />
		</Unit>
		<Unit filename="PARENT.cpp">
			<Option compile="0" />
			<Option link="0" />
		</Unit>
		<Unit filename="PRIM.cpp">
			<Option compile="0" />
			<Option link="0" />
		</Unit>
		<Unit filename="SHORTEST PATH PRIORITY QUEUE.cpp">
			<Option compile="0" />
			<Option link="0" />
		</Unit>
		<Unit filename="STRONGCONNECTEDCOMPONENT.cpp">
			<Option compile="0" />
			<Option link="0" />
		</Unit>
		<Unit filename="Union-Find.cpp">
			<Option compile="0" />
			<Option link="0" />
		</Unit>
		<Unit filename="tarjan.cpp">
			<Option compile="0" />
			<Option link="0" />
		</Unit>
		<Unit filename="test.cpp">
			<Option compile="0" />
			<Option link="0" />
		</Unit>
		<Extensions>
			<lib_finder disable_auto="1" />
		</Extensions>
	</Project>
</CodeBlocks_project_file>
